
Microsoft Visual Studio Solution File, Format Version 12.00
# Visual Studio Version 16
VisualStudioVersion = 16.0.32630.194
MinimumVisualStudioVersion = 10.0.40219.1
Project("{FAE04EC0-301F-11D3-BF4B-00C04F79EFBC}") = "AbstractVsOverriding", "AbstractVsOverriding\AbstractVsOverriding.csproj", "{639AB7CC-BAC5-4135-91C3-F6200C7BD39C}"
EndProject
Global
	GlobalSection(SolutionConfigurationPlatforms) = preSolution
		Debug|Any CPU = Debug|Any CPU
		Release|Any CPU = Release|Any CPU
	EndGlobalSection
	GlobalSection(ProjectConfigurationPlatforms) = postSolution
		{639AB7CC-BAC5-4135-91C3-F6200C7BD39C}.Debug|Any CPU.ActiveCfg = Debug|Any CPU
		{639AB7CC-BAC5-4135-91C3-F6200C7BD39C}.Debug|Any CPU.Build.0 = Debug|Any CPU
		{639AB7CC-BAC5-4135-91C3-F6200C7BD39C}.Release|Any CPU.ActiveCfg = Release|Any CPU
		{639AB7CC-BAC5-4135-91C3-F6200C7BD39C}.Release|Any CPU.Build.0 = Release|Any CPU
	EndGlobalSection
	GlobalSection(SolutionProperties) = preSolution
		HideSolutionNode = FALSE
	EndGlobalSection
	GlobalSection(ExtensibilityGlobals) = postSolution
		SolutionGuid = {4EE2A648-7F03-4DB3-9849-4DBF562B95C8}
	EndGlobalSection
EndGlobal
