
Microsoft Visual Studio Solution File, Format Version 12.00
# Visual Studio Version 16
VisualStudioVersion = 16.0.32630.194
MinimumVisualStudioVersion = 10.0.40219.1
Project("{FAE04EC0-301F-11D3-BF4B-00C04F79EFBC}") = "AbstractClassApplication", "AbstractClassApplication\AbstractClassApplication.csproj", "{59485524-6C1B-465E-97F1-B6EC199DD38B}"
EndProject
Global
	GlobalSection(SolutionConfigurationPlatforms) = preSolution
		Debug|Any CPU = Debug|Any CPU
		Release|Any CPU = Release|Any CPU
	EndGlobalSection
	GlobalSection(ProjectConfigurationPlatforms) = postSolution
		{59485524-6C1B-465E-97F1-B6EC199DD38B}.Debug|Any CPU.ActiveCfg = Debug|Any CPU
		{59485524-6C1B-465E-97F1-B6EC199DD38B}.Debug|Any CPU.Build.0 = Debug|Any CPU
		{59485524-6C1B-465E-97F1-B6EC199DD38B}.Release|Any CPU.ActiveCfg = Release|Any CPU
		{59485524-6C1B-465E-97F1-B6EC199DD38B}.Release|Any CPU.Build.0 = Release|Any CPU
	EndGlobalSection
	GlobalSection(SolutionProperties) = preSolution
		HideSolutionNode = FALSE
	EndGlobalSection
	GlobalSection(ExtensibilityGlobals) = postSolution
		SolutionGuid = {5859CAE0-84AC-4041-9F95-44B248FB353A}
	EndGlobalSection
EndGlobal
