
Microsoft Visual Studio Solution File, Format Version 12.00
# Visual Studio Version 16
VisualStudioVersion = 16.0.32630.194
MinimumVisualStudioVersion = 10.0.40219.1
Project("{FAE04EC0-301F-11D3-BF4B-00C04F79EFBC}") = "AbstractClass", "AbstractClass\AbstractClass.csproj", "{52898699-1385-4C4F-8B4C-6F4D545E63B5}"
EndProject
Global
	GlobalSection(SolutionConfigurationPlatforms) = preSolution
		Debug|Any CPU = Debug|Any CPU
		Release|Any CPU = Release|Any CPU
	EndGlobalSection
	GlobalSection(ProjectConfigurationPlatforms) = postSolution
		{52898699-1385-4C4F-8B4C-6F4D545E63B5}.Debug|Any CPU.ActiveCfg = Debug|Any CPU
		{52898699-1385-4C4F-8B4C-6F4D545E63B5}.Debug|Any CPU.Build.0 = Debug|Any CPU
		{52898699-1385-4C4F-8B4C-6F4D545E63B5}.Release|Any CPU.ActiveCfg = Release|Any CPU
		{52898699-1385-4C4F-8B4C-6F4D545E63B5}.Release|Any CPU.Build.0 = Release|Any CPU
	EndGlobalSection
	GlobalSection(SolutionProperties) = preSolution
		HideSolutionNode = FALSE
	EndGlobalSection
	GlobalSection(ExtensibilityGlobals) = postSolution
		SolutionGuid = {611B1B3E-058A-40CB-AE96-E96E6828612A}
	EndGlobalSection
EndGlobal
